
Microsoft Visual Studio Solution File, Format Version 12.00
# Visual Studio Version 16
VisualStudioVersion = 16.0.28803.352
MinimumVisualStudioVersion = 10.0.40219.1
Project("{FAE04EC0-301F-11D3-BF4B-00C04F79EFBC}") = "GTOresMayHere", "GTOresMayHere\GTOresMayHere.csproj", "{A1E89FA3-5139-44FC-97D4-DA236A1362F1}"
EndProject
Project("{FAE04EC0-301F-11D3-BF4B-00C04F79EFBC}") = "GTOresMayHere_Console", "GTOresMayHere_Console\GTOresMayHere_Console.csproj", "{031A865A-7D26-4469-8B76-8C03B386EE28}"
EndProject
Project("{FAE04EC0-301F-11D3-BF4B-00C04F79EFBC}") = "TestSome", "TestSome\TestSome.csproj", "{937064DA-6839-407E-8B7B-FDE81CF3DC53}"
EndProject
Global
	GlobalSection(SolutionConfigurationPlatforms) = preSolution
		Debug|Any CPU = Debug|Any CPU
		Release|Any CPU = Release|Any CPU
	EndGlobalSection
	GlobalSection(ProjectConfigurationPlatforms) = postSolution
		{A1E89FA3-5139-44FC-97D4-DA236A1362F1}.Debug|Any CPU.ActiveCfg = Debug|Any CPU
		{A1E89FA3-5139-44FC-97D4-DA236A1362F1}.Debug|Any CPU.Build.0 = Debug|Any CPU
		{A1E89FA3-5139-44FC-97D4-DA236A1362F1}.Release|Any CPU.ActiveCfg = Release|Any CPU
		{A1E89FA3-5139-44FC-97D4-DA236A1362F1}.Release|Any CPU.Build.0 = Release|Any CPU
		{031A865A-7D26-4469-8B76-8C03B386EE28}.Debug|Any CPU.ActiveCfg = Debug|Any CPU
		{031A865A-7D26-4469-8B76-8C03B386EE28}.Debug|Any CPU.Build.0 = Debug|Any CPU
		{031A865A-7D26-4469-8B76-8C03B386EE28}.Release|Any CPU.ActiveCfg = Release|Any CPU
		{031A865A-7D26-4469-8B76-8C03B386EE28}.Release|Any CPU.Build.0 = Release|Any CPU
		{937064DA-6839-407E-8B7B-FDE81CF3DC53}.Debug|Any CPU.ActiveCfg = Debug|Any CPU
		{937064DA-6839-407E-8B7B-FDE81CF3DC53}.Debug|Any CPU.Build.0 = Debug|Any CPU
		{937064DA-6839-407E-8B7B-FDE81CF3DC53}.Release|Any CPU.ActiveCfg = Release|Any CPU
		{937064DA-6839-407E-8B7B-FDE81CF3DC53}.Release|Any CPU.Build.0 = Release|Any CPU
	EndGlobalSection
	GlobalSection(SolutionProperties) = preSolution
		HideSolutionNode = FALSE
	EndGlobalSection
	GlobalSection(ExtensibilityGlobals) = postSolution
		SolutionGuid = {32A03619-E831-44B9-899F-23892CCC9CDA}
	EndGlobalSection
EndGlobal
